// !$*UTF8*$!
{
	archiveVersion = 1;
	classes = {
	};
	objectVersion = 48;
	objects = {

/* Begin PBXBuildFile section */
		CB1A5A5E1F95DC68004EFB04 /* AppDelegate.m in Sources */ = {isa = PBXBuildFile; fileRef = CB1A5A5D1F95DC68004EFB04 /* AppDelegate.m */; };
		CB1A5A611F95DC69004EFB04 /* ViewController.m in Sources */ = {isa = PBXBuildFile; fileRef = CB1A5A601F95DC69004EFB04 /* ViewController.m */; };
		CB1A5A641F95DC69004EFB04 /* Main.storyboard in Resources */ = {isa = PBXBuildFile; fileRef = CB1A5A621F95DC69004EFB04 /* Main.storyboard */; };
		CB1A5A661F95DC69004EFB04 /* Assets.xcassets in Resources */ = {isa = PBXBuildFile; fileRef = CB1A5A651F95DC69004EFB04 /* Assets.xcassets */; };
		CB1A5A691F95DC69004EFB04 /* LaunchScreen.storyboard in Resources */ = {isa = PBXBuildFile; fileRef = CB1A5A671F95DC69004EFB04 /* LaunchScreen.storyboard */; };
		CB1A5A6C1F95DC69004EFB04 /* main.m in Sources */ = {isa = PBXBuildFile; fileRef = CB1A5A6B1F95DC69004EFB04 /* main.m */; };
		CB1A5A741F95E78D004EFB04 /* JJFlodCellModel.m in Sources */ = {isa = PBXBuildFile; fileRef = CB1A5A731F95E78D004EFB04 /* JJFlodCellModel.m */; };
/* End PBXBuildFile section */

/* Begin PBXFileReference section */
		CB1A5A591F95DC68004EFB04 /* JJTableFoldCell.app */ = {isa = PBXFileReference; explicitFileType = wrapper.application; includeInIndex = 0; path = JJTableFoldCell.app; sourceTree = BUILT_PRODUCTS_DIR; };
		CB1A5A5C1F95DC68004EFB04 /* AppDelegate.h */ = {isa = PBXFileReference; lastKnownFileType = sourcecode.c.h; path = AppDelegate.h; sourceTree = "<group>"; };
		CB1A5A5D1F95DC68004EFB04 /* AppDelegate.m */ = {isa = PBXFileReference; lastKnownFileType = sourcecode.c.objc; path = AppDelegate.m; sourceTree = "<group>"; };
		CB1A5A5F1F95DC69004EFB04 /* ViewController.h */ = {isa = PBXFileReference; lastKnownFileType = sourcecode.c.h; path = ViewController.h; sourceTree = "<group>"; };
		CB1A5A601F95DC69004EFB04 /* ViewController.m */ = {isa = PBXFileReference; lastKnownFileType = sourcecode.c.objc; path = ViewController.m; sourceTree = "<group>"; };
		CB1A5A631F95DC69004EFB04 /* Base */ = {isa = PBXFileReference; lastKnownFileType = file.storyboard; name = Base; path = Base.lproj/Main.storyboard; sourceTree = "<group>"; };
		CB1A5A651F95DC69004EFB04 /* Assets.xcassets */ = {isa = PBXFileReference; lastKnownFileType = folder.assetcatalog; path = Assets.xcassets; sourceTree = "<group>"; };
		CB1A5A681F95DC69004EFB04 /* Base */ = {isa = PBXFileReference; lastKnownFileType = file.storyboard; name = Base; path = Base.lproj/LaunchScreen.storyboard; sourceTree = "<group>"; };
		CB1A5A6A1F95DC69004EFB04 /* Info.plist */ = {isa = PBXFileReference; lastKnownFileType = text.plist.xml; path = Info.plist; sourceTree = "<group>"; };
		CB1A5A6B1F95DC69004EFB04 /* main.m */ = {isa = PBXFileReference; lastKnownFileType = sourcecode.c.objc; path = main.m; sourceTree = "<group>"; };
		CB1A5A721F95E78D004EFB04 /* JJFlodCellModel.h */ = {isa = PBXFileReference; lastKnownFileType = sourcecode.c.h; path = JJFlodCellModel.h; sourceTree = "<group>"; };
		CB1A5A731F95E78D004EFB04 /* JJFlodCellModel.m */ = {isa = PBXFileReference; lastKnownFileType = sourcecode.c.objc; path = JJFlodCellModel.m; sourceTree = "<group>"; };
/* End PBXFileReference section */

/* Begin PBXFrameworksBuildPhase section */
		CB1A5A561F95DC68004EFB04 /* Frameworks */ = {
			isa = PBXFrameworksBuildPhase;
			buildActionMask = 2147483647;
			files = (
			);
			runOnlyForDeploymentPostprocessing = 0;
		};
/* End PBXFrameworksBuildPhase section */

/* Begin PBXGroup section */
		CB1A5A501F95DC68004EFB04 = {
			isa = PBXGroup;
			children = (
				CB1A5A5B1F95DC68004EFB04 /* JJTableFoldCell */,
				CB1A5A5A1F95DC68004EFB04 /* Products */,
			);
			sourceTree = "<group>";
		};
		CB1A5A5A1F95DC68004EFB04 /* Products */ = {
			isa = PBXGroup;
			children = (
				CB1A5A591F95DC68004EFB04 /* JJTableFoldCell.app */,
			);
			name = Products;
			sourceTree = "<group>";
		};
		CB1A5A5B1F95DC68004EFB04 /* JJTableFoldCell */ = {
			isa = PBXGroup;
			children = (
				CB1A5A5C1F95DC68004EFB04 /* AppDelegate.h */,
				CB1A5A5D1F95DC68004EFB04 /* AppDelegate.m */,
				CB1A5A5F1F95DC69004EFB04 /* ViewController.h */,
				CB1A5A601F95DC69004EFB04 /* ViewController.m */,
				CB1A5A721F95E78D004EFB04 /* JJFlodCellModel.h */,
				CB1A5A731F95E78D004EFB04 /* JJFlodCellModel.m */,
				CB1A5A621F95DC69004EFB04 /* Main.storyboard */,
				CB1A5A651F95DC69004EFB04 /* Assets.xcassets */,
				CB1A5A671F95DC69004EFB04 /* LaunchScreen.storyboard */,
				CB1A5A6A1F95DC69004EFB04 /* Info.plist */,
				CB1A5A6B1F95DC69004EFB04 /* main.m */,
			);
			path = JJTableFoldCell;
			sourceTree = "<group>";
		};
/* End PBXGroup section */

/* Begin PBXNativeTarget section */
		CB1A5A581F95DC68004EFB04 /* JJTableFoldCell */ = {
			isa = PBXNativeTarget;
			buildConfigurationList = CB1A5A6F1F95DC69004EFB04 /* Build configuration list for PBXNativeTarget "JJTableFoldCell" */;
			buildPhases = (
				CB1A5A551F95DC68004EFB04 /* Sources */,
				CB1A5A561F95DC68004EFB04 /* Frameworks */,
				CB1A5A571F95DC68004EFB04 /* Resources */,
			);
			buildRules = (
			);
			dependencies = (
			);
			name = JJTableFoldCell;
			productName = JJTableFoldCell;
			productReference = CB1A5A591F95DC68004EFB04 /* JJTableFoldCell.app */;
			productType = "com.apple.product-type.application";
		};
/* End PBXNativeTarget section */

/* Begin PBXProject section */
		CB1A5A511F95DC68004EFB04 /* Project object */ = {
			isa = PBXProject;
			attributes = {
				LastUpgradeCheck = 0900;
				ORGANIZATIONNAME = jixiang;
				TargetAttributes = {
					CB1A5A581F95DC68004EFB04 = {
						CreatedOnToolsVersion = 9.0;
						ProvisioningStyle = Automatic;
					};
				};
			};
			buildConfigurationList = CB1A5A541F95DC68004EFB04 /* Build configuration list for PBXProject "JJTableFoldCell" */;
			compatibilityVersion = "Xcode 8.0";
			developmentRegion = en;
			hasScannedForEncodings = 0;
			knownRegions = (
				en,
				Base,
			);
			mainGroup = CB1A5A501F95DC68004EFB04;
			productRefGroup = CB1A5A5A1F95DC68004EFB04 /* Products */;
			projectDirPath = "";
			projectRoot = "";
			targets = (
				CB1A5A581F95DC68004EFB04 /* JJTableFoldCell */,
			);
		};
/* End PBXProject section */

/* Begin PBXResourcesBuildPhase section */
		CB1A5A571F95DC68004EFB04 /* Resources */ = {
			isa = PBXResourcesBuildPhase;
			buildActionMask = 2147483647;
			files = (
				CB1A5A691F95DC69004EFB04 /* LaunchScreen.storyboard in Resources */,
				CB1A5A661F95DC69004EFB04 /* Assets.xcassets in Resources */,
				CB1A5A641F95DC69004EFB04 /* Main.storyboard in Resources */,
			);
			runOnlyForDeploymentPostprocessing = 0;
		};
/* End PBXResourcesBuildPhase section */

/* Begin PBXSourcesBuildPhase section */
		CB1A5A551F95DC68004EFB04 /* Sources */ = {
			isa = PBXSourcesBuildPhase;
			buildActionMask = 2147483647;
			files = (
				CB1A5A611F95DC69004EFB04 /* ViewController.m in Sources */,
				CB1A5A6C1F95DC69004EFB04 /* main.m in Sources */,
				CB1A5A741F95E78D004EFB04 /* JJFlodCellModel.m in Sources */,
				CB1A5A5E1F95DC68004EFB04 /* AppDelegate.m in Sources */,
			);
			runOnlyForDeploymentPostprocessing = 0;
		};
/* End PBXSourcesBuildPhase section */

/* Begin PBXVariantGroup section */
		CB1A5A621F95DC69004EFB04 /* Main.storyboard */ = {
			isa = PBXVariantGroup;
			children = (
				CB1A5A631F95DC69004EFB04 /* Base */,
			);
			name = Main.storyboard;
			sourceTree = "<group>";
		};
		CB1A5A671F95DC69004EFB04 /* LaunchScreen.storyboard */ = {
			isa = PBXVariantGroup;
			children = (
				CB1A5A681F95DC69004EFB04 /* Base */,
			);
			name = LaunchScreen.storyboard;
			sourceTree = "<group>";
		};
/* End PBXVariantGroup section */

/* Begin XCBuildConfiguration section */
		CB1A5A6D1F95DC69004EFB04 /* Debug */ = {
			isa = XCBuildConfiguration;
			buildSettings = {
				ALWAYS_SEARCH_USER_PATHS = NO;
				CLANG_ANALYZER_NONNULL = YES;
				CLANG_ANALYZER_NUMBER_OBJECT_CONVERSION = YES_AGGRESSIVE;
				CLANG_CXX_LANGUAGE_STANDARD = "gnu++14";
				CLANG_CXX_LIBRARY = "libc++";
				CLANG_ENABLE_MODULES = YES;
				CLANG_ENABLE_OBJC_ARC = YES;
				CLANG_WARN_BLOCK_CAPTURE_AUTORELEASING = YES;
				CLANG_WARN_BOOL_CONVERSION = YES;
				CLANG_WARN_COMMA = YES;
				CLANG_WARN_CONSTANT_CONVERSION = YES;
				CLANG_WARN_DIRECT_OBJC_ISA_USAGE = YES_ERROR;
				CLANG_WARN_DOCUMENTATION_COMMENTS = YES;
				CLANG_WARN_EMPTY_BODY = YES;
				CLANG_WARN_ENUM_CONVERSION = YES;
				CLANG_WARN_INFINITE_RECURSION = YES;
				CLANG_WARN_INT_CONVERSION = YES;
				CLANG_WARN_NON_LITERAL_NULL_CONVERSION = YES;
				CLANG_WARN_OBJC_LITERAL_CONVERSION = YES;
				CLANG_WARN_OBJC_ROOT_CLASS = YES_ERROR;
				CLANG_WARN_RANGE_LOOP_ANALYSIS = YES;
				CLANG_WARN_STRICT_PROTOTYPES = YES;
				CLANG_WARN_SUSPICIOUS_MOVE = YES;
				CLANG_WARN_UNGUARDED_AVAILABILITY = YES_AGGRESSIVE;
				CLANG_WARN_UNREACHABLE_CODE = YES;
				CLANG_WARN__DUPLICATE_METHOD_MATCH = YES;
				CODE_SIGN_IDENTITY = "iPhone Developer";
				COPY_PHASE_STRIP = NO;
				DEBUG_INFORMATION_FORMAT = dwarf;
				ENABLE_STRICT_OBJC_MSGSEND = YES;
				ENABLE_TESTABILITY = YES;
				GCC_C_LANGUAGE_STANDARD = gnu11;
				GCC_DYNAMIC_NO_PIC = NO;
				GCC_NO_COMMON_BLOCKS = YES;
				GCC_OPTIMIZATION_LEVEL = 0;
				GCC_PREPROCESSOR_DEFINITIONS = (
					"DEBUG=1",
					"$(inherited)",
				);
				GCC_WARN_64_TO_32_BIT_CONVERSION = YES;
				GCC_WARN_ABOUT_RETURN_TYPE = YES_ERROR;
				GCC_WARN_UNDECLARED_SELECTOR = YES;
				GCC_WARN_UNINITIALIZED_AUTOS = YES_AGGRESSIVE;
				GCC_WARN_UNUSED_FUNCTION = YES;
				GCC_WARN_UNUSED_VARIABLE = YES;
				IPHONEOS_DEPLOYMENT_TARGET = 11.0;
				MTL_ENABLE_DEBUG_INFO = YES;
				ONLY_ACTIVE_ARCH = YES;
				SDKROOT = iphoneos;
			};
			name = Debug;
		};
		CB1A5A6E1F95DC69004EFB04 /* Release */ = {
			isa = XCBuildConfiguration;
			buildSettings = {
				ALWAYS_SEARCH_USER_PATHS = NO;
				CLANG_ANALYZER_NONNULL = YES;
				CLANG_ANALYZER_NUMBER_OBJECT_CONVERSION = YES_AGGRESSIVE;
				CLANG_CXX_LANGUAGE_STANDARD = "gnu++14";
				CLANG_CXX_LIBRARY = "libc++";
				CLANG_ENABLE_MODULES = YES;
				CLANG_ENABLE_OBJC_ARC = YES;
				CLANG_WARN_BLOCK_CAPTURE_AUTORELEASING = YES;
				CLANG_WARN_BOOL_CONVERSION = YES;
				CLANG_WARN_COMMA = YES;
				CLANG_WARN_CONSTANT_CONVERSION = YES;
				CLANG_WARN_DIRECT_OBJC_ISA_USAGE = YES_ERROR;
				CLANG_WARN_DOCUMENTATION_COMMENTS = YES;
				CLANG_WARN_EMPTY_BODY = YES;
				CLANG_WARN_ENUM_CONVERSION = YES;
				CLANG_WARN_INFINITE_RECURSION = YES;
				CLANG_WARN_INT_CONVERSION = YES;
				CLANG_WARN_NON_LITERAL_NULL_CONVERSION = YES;
				CLANG_WARN_OBJC_LITERAL_CONVERSION = YES;
				CLANG_WARN_OBJC_ROOT_CLASS = YES_ERROR;
				CLANG_WARN_RANGE_LOOP_ANALYSIS = YES;
				CLANG_WARN_STRICT_PROTOTYPES = YES;
				CLANG_WARN_SUSPICIOUS_MOVE = YES;
				CLANG_WARN_UNGUARDED_AVAILABILITY = YES_AGGRESSIVE;
				CLANG_WARN_UNREACHABLE_CODE = YES;
				CLANG_WARN__DUPLICATE_METHOD_MATCH = YES;
				CODE_SIGN_IDENTITY = "iPhone Developer";
				COPY_PHASE_STRIP = NO;
				DEBUG_INFORMATION_FORMAT = "dwarf-with-dsym";
				ENABLE_NS_ASSERTIONS = NO;
				ENABLE_STRICT_OBJC_MSGSEND = YES;
				GCC_C_LANGUAGE_STANDARD = gnu11;
				GCC_NO_COMMON_BLOCKS = YES;
				GCC_WARN_64_TO_32_BIT_CONVERSION = YES;
				GCC_WARN_ABOUT_RETURN_TYPE = YES_ERROR;
				GCC_WARN_UNDECLARED_SELECTOR = YES;
				GCC_WARN_UNINITIALIZED_AUTOS = YES_AGGRESSIVE;
				GCC_WARN_UNUSED_FUNCTION = YES;
				GCC_WARN_UNUSED_VARIABLE = YES;
				IPHONEOS_DEPLOYMENT_TARGET = 11.0;
				MTL_ENABLE_DEBUG_INFO = NO;
				SDKROOT = iphoneos;
				VALIDATE_PRODUCT = YES;
			};
			name = Release;
		};
		CB1A5A701F95DC69004EFB04 /* Debug */ = {
			isa = XCBuildConfiguration;
			buildSettings = {
				ASSETCATALOG_COMPILER_APPICON_NAME = AppIcon;
				CODE_SIGN_STYLE = Automatic;
				INFOPLIST_FILE = JJTableFoldCell/Info.plist;
				LD_RUNPATH_SEARCH_PATHS = "$(inherited) @executable_path/Frameworks";
				PRODUCT_BUNDLE_IDENTIFIER = com.jixinagruyi.JJTableFoldCell;
				PRODUCT_NAME = "$(TARGET_NAME)";
				TARGETED_DEVICE_FAMILY = "1,2";
			};
			name = Debug;
		};
		CB1A5A711F95DC69004EFB04 /* Release */ = {
			isa = XCBuildConfiguration;
			buildSettings = {
				ASSETCATALOG_COMPILER_APPICON_NAME = AppIcon;
				CODE_SIGN_STYLE = Automatic;
				INFOPLIST_FILE = JJTableFoldCell/Info.plist;
				LD_RUNPATH_SEARCH_PATHS = "$(inherited) @executable_path/Frameworks";
				PRODUCT_BUNDLE_IDENTIFIER = com.jixinagruyi.JJTableFoldCell;
				PRODUCT_NAME = "$(TARGET_NAME)";
				TARGETED_DEVICE_FAMILY = "1,2";
			};
			name = Release;
		};
/* End XCBuildConfiguration section */

/* Begin XCConfigurationList section */
		CB1A5A541F95DC68004EFB04 /* Build configuration list for PBXProject "JJTableFoldCell" */ = {
			isa = XCConfigurationList;
			buildConfigurations = (
				CB1A5A6D1F95DC69004EFB04 /* Debug */,
				CB1A5A6E1F95DC69004EFB04 /* Release */,
			);
			defaultConfigurationIsVisible = 0;
			defaultConfigurationName = Release;
		};
		CB1A5A6F1F95DC69004EFB04 /* Build configuration list for PBXNativeTarget "JJTableFoldCell" */ = {
			isa = XCConfigurationList;
			buildConfigurations = (
				CB1A5A701F95DC69004EFB04 /* Debug */,
				CB1A5A711F95DC69004EFB04 /* Release */,
			);
			defaultConfigurationIsVisible = 0;
			defaultConfigurationName = Release;
		};
/* End XCConfigurationList section */
	};
	rootObject = CB1A5A511F95DC68004EFB04 /* Project object */;
}
